# THIS IS AN AUTOGENERATED FILE. DO NOT EDIT THIS FILE DIRECTLY.
# yarn lockfile v1


"argparse@~ 0.1.11":
  version "0.1.16"
  resolved "https://registry.npmjs.org/argparse/-/argparse-0.1.16.tgz#cfd01e0fbba3d6caed049fbd758d40f65196f57c"
  dependencies:
    underscore "~1.7.0"
    underscore.string "~2.4.0"

body-parser@~1.14.0:
  version "1.14.2"
  resolved "https://registry.npmjs.org/body-parser/-/body-parser-1.14.2.tgz#1015cb1fe2c443858259581db53332f8d0cf50f9"
  dependencies:
    bytes "2.2.0"
    content-type "~1.0.1"
    debug "~2.2.0"
    depd "~1.1.0"
    http-errors "~1.3.1"
    iconv-lite "0.4.13"
    on-finished "~2.3.0"
    qs "5.2.0"
    raw-body "~2.1.5"
    type-is "~1.6.10"

bytes@2.2.0:
  version "2.2.0"
  resolved "https://registry.npmjs.org/bytes/-/bytes-2.2.0.tgz#fd35464a403f6f9117c2de3609ecff9cae000588"

bytes@2.4.0:
  version "2.4.0"
  resolved "https://registry.npmjs.org/bytes/-/bytes-2.4.0.tgz#7d97196f9d5baf7f6935e25985549edd2a6c2339"

cleaver@^0.8.4:
  version "0.8.4"
  resolved "https://registry.npmjs.org/cleaver/-/cleaver-0.8.4.tgz#e664c12a63dcb9a6855668c0d6e4ef9f18f5618a"
  dependencies:
    commander "~2.1.0"
    debug "^2.1.1"
    highlight.js "~9.0.0"
    js-yaml "2.1.0"
    marked "~0.2.9"
    mustache "0.7.0"
    q "0.9.6"
    tiny-lr "^0.2.1"

commander@~2.1.0:
  version "2.1.0"
  resolved "https://registry.npmjs.org/commander/-/commander-2.1.0.tgz#d121bbae860d9992a3d517ba96f56588e47c6781"

content-type@~1.0.1:
  version "1.0.2"
  resolved "https://registry.npmjs.org/content-type/-/content-type-1.0.2.tgz#b7d113aee7a8dd27bd21133c4dc2529df1721eed"

debug@^2.1.1:
  version "2.6.5"
  resolved "https://registry.npmjs.org/debug/-/debug-2.6.5.tgz#7a76247781acd4ef2a85f0fb8abf763cd1af249e"
  dependencies:
    ms "0.7.3"

debug@~2.2.0:
  version "2.2.0"
  resolved "https://registry.npmjs.org/debug/-/debug-2.2.0.tgz#f87057e995b1a1f6ae6a4960664137bc56f039da"
  dependencies:
    ms "0.7.1"

depd@~1.1.0:
  version "1.1.0"
  resolved "https://registry.npmjs.org/depd/-/depd-1.1.0.tgz#e1bd82c6aab6ced965b97b88b17ed3e528ca18c3"

ee-first@1.1.1:
  version "1.1.1"
  resolved "https://registry.npmjs.org/ee-first/-/ee-first-1.1.1.tgz#590c61156b0ae2f4f0255732a158b266bc56b21d"

"esprima@~ 1.0.2":
  version "1.0.4"
  resolved "https://registry.npmjs.org/esprima/-/esprima-1.0.4.tgz#9f557e08fc3b4d26ece9dd34f8fbf476b62585ad"

faye-websocket@~0.10.0:
  version "0.10.0"
  resolved "https://registry.npmjs.org/faye-websocket/-/faye-websocket-0.10.0.tgz#4e492f8d04dfb6f89003507f6edbf2d501e7c6f4"
  dependencies:
    websocket-driver ">=0.5.1"

highlight.js@~9.0.0:
  version "9.0.0"
  resolved "https://registry.npmjs.org/highlight.js/-/highlight.js-9.0.0.tgz#f5f8d564c97ab374a046f5598077ae6adddbe620"

http-errors@~1.3.1:
  version "1.3.1"
  resolved "https://registry.npmjs.org/http-errors/-/http-errors-1.3.1.tgz#197e22cdebd4198585e8694ef6786197b91ed942"
  dependencies:
    inherits "~2.0.1"
    statuses "1"

iconv-lite@0.4.13:
  version "0.4.13"
  resolved "https://registry.npmjs.org/iconv-lite/-/iconv-lite-0.4.13.tgz#1f88aba4ab0b1508e8312acc39345f36e992e2f2"

inherits@~2.0.1:
  version "2.0.3"
  resolved "https://registry.npmjs.org/inherits/-/inherits-2.0.3.tgz#633c2c83e3da42a502f52466022480f4208261de"

js-yaml@2.1.0:
  version "2.1.0"
  resolved "https://registry.npmjs.org/js-yaml/-/js-yaml-2.1.0.tgz#a55a6e4706b01d06326259a6f4bfc42e6ae38b1f"
  dependencies:
    argparse "~ 0.1.11"
    esprima "~ 1.0.2"

livereload-js@^2.2.0:
  version "2.2.2"
  resolved "https://registry.npmjs.org/livereload-js/-/livereload-js-2.2.2.tgz#6c87257e648ab475bc24ea257457edcc1f8d0bc2"

marked@~0.2.9:
  version "0.2.10"
  resolved "https://registry.npmjs.org/marked/-/marked-0.2.10.tgz#d5fd68271caae61c55d291d07bd5034cff5e73ee"

media-typer@0.3.0:
  version "0.3.0"
  resolved "https://registry.npmjs.org/media-typer/-/media-typer-0.3.0.tgz#8710d7af0aa626f8fffa1ce00168545263255748"

mime-db@~1.27.0:
  version "1.27.0"
  resolved "https://registry.npmjs.org/mime-db/-/mime-db-1.27.0.tgz#820f572296bbd20ec25ed55e5b5de869e5436eb1"

mime-types@~2.1.15:
  version "2.1.15"
  resolved "https://registry.npmjs.org/mime-types/-/mime-types-2.1.15.tgz#a4ebf5064094569237b8cf70046776d09fc92aed"
  dependencies:
    mime-db "~1.27.0"

ms@0.7.1:
  version "0.7.1"
  resolved "https://registry.npmjs.org/ms/-/ms-0.7.1.tgz#9cd13c03adbff25b65effde7ce864ee952017098"

ms@0.7.3:
  version "0.7.3"
  resolved "https://registry.npmjs.org/ms/-/ms-0.7.3.tgz#708155a5e44e33f5fd0fc53e81d0d40a91be1fff"

mustache@0.7.0:
  version "0.7.0"
  resolved "https://registry.npmjs.org/mustache/-/mustache-0.7.0.tgz#fca750fb3ebde6377f77498c71cf9fd23a502ee9"

on-finished@~2.3.0:
  version "2.3.0"
  resolved "https://registry.npmjs.org/on-finished/-/on-finished-2.3.0.tgz#20f1336481b083cd75337992a16971aa2d906947"
  dependencies:
    ee-first "1.1.1"

parseurl@~1.3.0:
  version "1.3.1"
  resolved "https://registry.npmjs.org/parseurl/-/parseurl-1.3.1.tgz#c8ab8c9223ba34888aa64a297b28853bec18da56"

q@0.9.6:
  version "0.9.6"
  resolved "https://registry.npmjs.org/q/-/q-0.9.6.tgz#5884b2154bdb3b6d5765e0fafddcb1506e133619"

qs@5.2.0:
  version "5.2.0"
  resolved "https://registry.npmjs.org/qs/-/qs-5.2.0.tgz#a9f31142af468cb72b25b30136ba2456834916be"

qs@~5.1.0:
  version "5.1.0"
  resolved "https://registry.npmjs.org/qs/-/qs-5.1.0.tgz#4d932e5c7ea411cca76a312d39a606200fd50cd9"

raw-body@~2.1.5:
  version "2.1.7"
  resolved "https://registry.npmjs.org/raw-body/-/raw-body-2.1.7.tgz#adfeace2e4fb3098058014d08c072dcc59758774"
  dependencies:
    bytes "2.4.0"
    iconv-lite "0.4.13"
    unpipe "1.0.0"

statuses@1:
  version "1.3.1"
  resolved "https://registry.npmjs.org/statuses/-/statuses-1.3.1.tgz#faf51b9eb74aaef3b3acf4ad5f61abf24cb7b93e"

tiny-lr@^0.2.1:
  version "0.2.1"
  resolved "https://registry.npmjs.org/tiny-lr/-/tiny-lr-0.2.1.tgz#b3fdba802e5d56a33c2f6f10794b32e477ac729d"
  dependencies:
    body-parser "~1.14.0"
    debug "~2.2.0"
    faye-websocket "~0.10.0"
    livereload-js "^2.2.0"
    parseurl "~1.3.0"
    qs "~5.1.0"

type-is@~1.6.10:
  version "1.6.15"
  resolved "https://registry.npmjs.org/type-is/-/type-is-1.6.15.tgz#cab10fb4909e441c82842eafe1ad646c81804410"
  dependencies:
    media-typer "0.3.0"
    mime-types "~2.1.15"

underscore.string@~2.4.0:
  version "2.4.0"
  resolved "https://registry.npmjs.org/underscore.string/-/underscore.string-2.4.0.tgz#8cdd8fbac4e2d2ea1e7e2e8097c42f442280f85b"

underscore@~1.7.0:
  version "1.7.0"
  resolved "https://registry.npmjs.org/underscore/-/underscore-1.7.0.tgz#6bbaf0877500d36be34ecaa584e0db9fef035209"

unpipe@1.0.0:
  version "1.0.0"
  resolved "https://registry.npmjs.org/unpipe/-/unpipe-1.0.0.tgz#b2bf4ee8514aae6165b4817829d21b2ef49904ec"

websocket-driver@>=0.5.1:
  version "0.6.5"
  resolved "https://registry.npmjs.org/websocket-driver/-/websocket-driver-0.6.5.tgz#5cb2556ceb85f4373c6d8238aa691c8454e13a36"
  dependencies:
    websocket-extensions ">=0.1.1"

websocket-extensions@>=0.1.1:
  version "0.1.1"
  resolved "https://registry.npmjs.org/websocket-extensions/-/websocket-extensions-0.1.1.tgz#76899499c184b6ef754377c2dbb0cd6cb55d29e7"
